
Microsoft Visual Studio Solution File, Format Version 12.00
# Visual Studio Version 17
VisualStudioVersion = 17.0.31903.59
MinimumVisualStudioVersion = 10.0.40219.1
Project("{FAE04EC0-301F-11D3-BF4B-00C04F79EFBC}") = "Pipeline.Job", "Pipeline.Job\Pipeline.Job.csproj", "{4C332BEF-ADCB-402A-A178-A84B4F60C875}"
EndProject
Project("{FAE04EC0-301F-11D3-BF4B-00C04F79EFBC}") = "Pipeline.Runner", "Pipeline.Runner\Pipeline.Runner.csproj", "{00356ACE-F8C8-48F7-B3A8-9F032BFD978E}"
EndProject
Global
	GlobalSection(SolutionConfigurationPlatforms) = preSolution
		Debug|Any CPU = Debug|Any CPU
		Release|Any CPU = Release|Any CPU
	EndGlobalSection
	GlobalSection(SolutionProperties) = preSolution
		HideSolutionNode = FALSE
	EndGlobalSection
	GlobalSection(ProjectConfigurationPlatforms) = postSolution
		{4C332BEF-ADCB-402A-A178-A84B4F60C875}.Debug|Any CPU.ActiveCfg = Debug|Any CPU
		{4C332BEF-ADCB-402A-A178-A84B4F60C875}.Debug|Any CPU.Build.0 = Debug|Any CPU
		{4C332BEF-ADCB-402A-A178-A84B4F60C875}.Release|Any CPU.ActiveCfg = Release|Any CPU
		{4C332BEF-ADCB-402A-A178-A84B4F60C875}.Release|Any CPU.Build.0 = Release|Any CPU
		{00356ACE-F8C8-48F7-B3A8-9F032BFD978E}.Debug|Any CPU.ActiveCfg = Debug|Any CPU
		{00356ACE-F8C8-48F7-B3A8-9F032BFD978E}.Debug|Any CPU.Build.0 = Debug|Any CPU
		{00356ACE-F8C8-48F7-B3A8-9F032BFD978E}.Release|Any CPU.ActiveCfg = Release|Any CPU
		{00356ACE-F8C8-48F7-B3A8-9F032BFD978E}.Release|Any CPU.Build.0 = Release|Any CPU
	EndGlobalSection
EndGlobal
